# This file is automatically @generated by Cargo.
# It is not intended for manual editing.
version = 4

[[package]]
name = "geyser-plugin"
version = "0.1.0"

[[package]]
name = "rpc-client"
version = "0.1.0"

[[package]]
name = "rpc-codec"
version = "0.1.0"

[[package]]
name = "rpc-io"
version = "0.1.0"

[[package]]
name = "rpc-server"
version = "0.1.0"

[[package]]
name = "rpc-transport"
version = "0.1.0"
